// !$*UTF8*$!
{
	archiveVersion = 1;
	classes = {
	};
	objectVersion = 46;
	objects = {

/* Begin PBXBuildFile section */
		B167A2AF1D655523003EF904 /* iOSDC.swift in Sources */ = {isa = PBXBuildFile; fileRef = B167A2AE1D655523003EF904 /* iOSDC.swift */; };
		B167A2B11D65D6A0003EF904 /* MyObject.swift in Sources */ = {isa = PBXBuildFile; fileRef = B167A2B01D65D6A0003EF904 /* MyObject.swift */; };
		B167A2B31D65F0C9003EF904 /* Image.swift in Sources */ = {isa = PBXBuildFile; fileRef = B167A2B21D65F0C9003EF904 /* Image.swift */; };
		B1CABF181D6454EA00EAF58A /* AppDelegate.swift in Sources */ = {isa = PBXBuildFile; fileRef = B1CABF171D6454EA00EAF58A /* AppDelegate.swift */; };
		B1CABF1A1D6454EA00EAF58A /* ViewController.swift in Sources */ = {isa = PBXBuildFile; fileRef = B1CABF191D6454EA00EAF58A /* ViewController.swift */; };
		B1CABF1C1D6454EA00EAF58A /* Assets.xcassets in Resources */ = {isa = PBXBuildFile; fileRef = B1CABF1B1D6454EA00EAF58A /* Assets.xcassets */; };
		B1CABF1F1D6454EB00EAF58A /* Main.storyboard in Resources */ = {isa = PBXBuildFile; fileRef = B1CABF1D1D6454EB00EAF58A /* Main.storyboard */; };
/* End PBXBuildFile section */

/* Begin PBXFileReference section */
		B167A2AE1D655523003EF904 /* iOSDC.swift */ = {isa = PBXFileReference; fileEncoding = 4; lastKnownFileType = sourcecode.swift; path = iOSDC.swift; sourceTree = "<group>"; };
		B167A2B01D65D6A0003EF904 /* MyObject.swift */ = {isa = PBXFileReference; fileEncoding = 4; lastKnownFileType = sourcecode.swift; path = MyObject.swift; sourceTree = "<group>"; };
		B167A2B21D65F0C9003EF904 /* Image.swift */ = {isa = PBXFileReference; fileEncoding = 4; lastKnownFileType = sourcecode.swift; path = Image.swift; sourceTree = "<group>"; };
		B1CABF141D6454EA00EAF58A /* iOSDC_JavaScriptCore.app */ = {isa = PBXFileReference; explicitFileType = wrapper.application; includeInIndex = 0; path = iOSDC_JavaScriptCore.app; sourceTree = BUILT_PRODUCTS_DIR; };
		B1CABF171D6454EA00EAF58A /* AppDelegate.swift */ = {isa = PBXFileReference; lastKnownFileType = sourcecode.swift; path = AppDelegate.swift; sourceTree = "<group>"; };
		B1CABF191D6454EA00EAF58A /* ViewController.swift */ = {isa = PBXFileReference; lastKnownFileType = sourcecode.swift; path = ViewController.swift; sourceTree = "<group>"; };
		B1CABF1B1D6454EA00EAF58A /* Assets.xcassets */ = {isa = PBXFileReference; lastKnownFileType = folder.assetcatalog; path = Assets.xcassets; sourceTree = "<group>"; };
		B1CABF1E1D6454EB00EAF58A /* Base */ = {isa = PBXFileReference; lastKnownFileType = file.storyboard; name = Base; path = Base.lproj/Main.storyboard; sourceTree = "<group>"; };
		B1CABF201D6454EB00EAF58A /* Info.plist */ = {isa = PBXFileReference; lastKnownFileType = text.plist.xml; path = Info.plist; sourceTree = "<group>"; };
/* End PBXFileReference section */

/* Begin PBXFrameworksBuildPhase section */
		B1CABF111D6454EA00EAF58A /* Frameworks */ = {
			isa = PBXFrameworksBuildPhase;
			buildActionMask = 2147483647;
			files = (
			);
			runOnlyForDeploymentPostprocessing = 0;
		};
/* End PBXFrameworksBuildPhase section */

/* Begin PBXGroup section */
		B1CABF0B1D6454EA00EAF58A = {
			isa = PBXGroup;
			children = (
				B1CABF161D6454EA00EAF58A /* iOSDC_JavaScriptCore */,
				B1CABF151D6454EA00EAF58A /* Products */,
			);
			sourceTree = "<group>";
		};
		B1CABF151D6454EA00EAF58A /* Products */ = {
			isa = PBXGroup;
			children = (
				B1CABF141D6454EA00EAF58A /* iOSDC_JavaScriptCore.app */,
			);
			name = Products;
			sourceTree = "<group>";
		};
		B1CABF161D6454EA00EAF58A /* iOSDC_JavaScriptCore */ = {
			isa = PBXGroup;
			children = (
				B1CABF171D6454EA00EAF58A /* AppDelegate.swift */,
				B1CABF191D6454EA00EAF58A /* ViewController.swift */,
				B167A2AE1D655523003EF904 /* iOSDC.swift */,
				B167A2B01D65D6A0003EF904 /* MyObject.swift */,
				B167A2B21D65F0C9003EF904 /* Image.swift */,
				B1CABF1B1D6454EA00EAF58A /* Assets.xcassets */,
				B1CABF1D1D6454EB00EAF58A /* Main.storyboard */,
				B1CABF201D6454EB00EAF58A /* Info.plist */,
			);
			path = iOSDC_JavaScriptCore;
			sourceTree = "<group>";
		};
/* End PBXGroup section */

/* Begin PBXNativeTarget section */
		B1CABF131D6454EA00EAF58A /* iOSDC_JavaScriptCore */ = {
			isa = PBXNativeTarget;
			buildConfigurationList = B1CABF231D6454EB00EAF58A /* Build configuration list for PBXNativeTarget "iOSDC_JavaScriptCore" */;
			buildPhases = (
				B1CABF101D6454EA00EAF58A /* Sources */,
				B1CABF111D6454EA00EAF58A /* Frameworks */,
				B1CABF121D6454EA00EAF58A /* Resources */,
			);
			buildRules = (
			);
			dependencies = (
			);
			name = iOSDC_JavaScriptCore;
			productName = iOSDC_JavaScriptCore;
			productReference = B1CABF141D6454EA00EAF58A /* iOSDC_JavaScriptCore.app */;
			productType = "com.apple.product-type.application";
		};
/* End PBXNativeTarget section */

/* Begin PBXProject section */
		B1CABF0C1D6454EA00EAF58A /* Project object */ = {
			isa = PBXProject;
			attributes = {
				LastSwiftUpdateCheck = 0800;
				LastUpgradeCheck = 0800;
				ORGANIZATIONNAME = "EasyStyle G.K.";
				TargetAttributes = {
					B1CABF131D6454EA00EAF58A = {
						CreatedOnToolsVersion = 8.0;
						DevelopmentTeam = 89282N6UM7;
						ProvisioningStyle = Automatic;
					};
				};
			};
			buildConfigurationList = B1CABF0F1D6454EA00EAF58A /* Build configuration list for PBXProject "iOSDC_JavaScriptCore" */;
			compatibilityVersion = "Xcode 3.2";
			developmentRegion = English;
			hasScannedForEncodings = 0;
			knownRegions = (
				en,
				Base,
			);
			mainGroup = B1CABF0B1D6454EA00EAF58A;
			productRefGroup = B1CABF151D6454EA00EAF58A /* Products */;
			projectDirPath = "";
			projectRoot = "";
			targets = (
				B1CABF131D6454EA00EAF58A /* iOSDC_JavaScriptCore */,
			);
		};
/* End PBXProject section */

/* Begin PBXResourcesBuildPhase section */
		B1CABF121D6454EA00EAF58A /* Resources */ = {
			isa = PBXResourcesBuildPhase;
			buildActionMask = 2147483647;
			files = (
				B1CABF1C1D6454EA00EAF58A /* Assets.xcassets in Resources */,
				B1CABF1F1D6454EB00EAF58A /* Main.storyboard in Resources */,
			);
			runOnlyForDeploymentPostprocessing = 0;
		};
/* End PBXResourcesBuildPhase section */

/* Begin PBXSourcesBuildPhase section */
		B1CABF101D6454EA00EAF58A /* Sources */ = {
			isa = PBXSourcesBuildPhase;
			buildActionMask = 2147483647;
			files = (
				B167A2AF1D655523003EF904 /* iOSDC.swift in Sources */,
				B1CABF1A1D6454EA00EAF58A /* ViewController.swift in Sources */,
				B167A2B11D65D6A0003EF904 /* MyObject.swift in Sources */,
				B1CABF181D6454EA00EAF58A /* AppDelegate.swift in Sources */,
				B167A2B31D65F0C9003EF904 /* Image.swift in Sources */,
			);
			runOnlyForDeploymentPostprocessing = 0;
		};
/* End PBXSourcesBuildPhase section */

/* Begin PBXVariantGroup section */
		B1CABF1D1D6454EB00EAF58A /* Main.storyboard */ = {
			isa = PBXVariantGroup;
			children = (
				B1CABF1E1D6454EB00EAF58A /* Base */,
			);
			name = Main.storyboard;
			sourceTree = "<group>";
		};
/* End PBXVariantGroup section */

/* Begin XCBuildConfiguration section */
		B1CABF211D6454EB00EAF58A /* Debug */ = {
			isa = XCBuildConfiguration;
			buildSettings = {
				ALWAYS_SEARCH_USER_PATHS = NO;
				CLANG_ANALYZER_NONNULL = YES;
				CLANG_CXX_LANGUAGE_STANDARD = "gnu++0x";
				CLANG_CXX_LIBRARY = "libc++";
				CLANG_ENABLE_MODULES = YES;
				CLANG_ENABLE_OBJC_ARC = YES;
				CLANG_WARN_BOOL_CONVERSION = YES;
				CLANG_WARN_CONSTANT_CONVERSION = YES;
				CLANG_WARN_DIRECT_OBJC_ISA_USAGE = YES_ERROR;
				CLANG_WARN_DOCUMENTATION_COMMENTS = YES;
				CLANG_WARN_EMPTY_BODY = YES;
				CLANG_WARN_ENUM_CONVERSION = YES;
				CLANG_WARN_INFINITE_RECURSION = YES;
				CLANG_WARN_INT_CONVERSION = YES;
				CLANG_WARN_OBJC_ROOT_CLASS = YES_ERROR;
				CLANG_WARN_SUSPICIOUS_MOVES = YES;
				CLANG_WARN_UNREACHABLE_CODE = YES;
				CLANG_WARN__DUPLICATE_METHOD_MATCH = YES;
				CODE_SIGN_IDENTITY = "-";
				COPY_PHASE_STRIP = NO;
				DEBUG_INFORMATION_FORMAT = dwarf;
				ENABLE_STRICT_OBJC_MSGSEND = YES;
				ENABLE_TESTABILITY = YES;
				GCC_C_LANGUAGE_STANDARD = gnu99;
				GCC_DYNAMIC_NO_PIC = NO;
				GCC_NO_COMMON_BLOCKS = YES;
				GCC_OPTIMIZATION_LEVEL = 0;
				GCC_PREPROCESSOR_DEFINITIONS = (
					"DEBUG=1",
					"$(inherited)",
				);
				GCC_WARN_64_TO_32_BIT_CONVERSION = YES;
				GCC_WARN_ABOUT_RETURN_TYPE = YES_ERROR;
				GCC_WARN_UNDECLARED_SELECTOR = YES;
				GCC_WARN_UNINITIALIZED_AUTOS = YES_AGGRESSIVE;
				GCC_WARN_UNUSED_FUNCTION = YES;
				GCC_WARN_UNUSED_VARIABLE = YES;
				MACOSX_DEPLOYMENT_TARGET = 10.11;
				MTL_ENABLE_DEBUG_INFO = YES;
				ONLY_ACTIVE_ARCH = YES;
				SDKROOT = macosx;
				SWIFT_ACTIVE_COMPILATION_CONDITIONS = DEBUG;
				SWIFT_OPTIMIZATION_LEVEL = "-Onone";
			};
			name = Debug;
		};
		B1CABF221D6454EB00EAF58A /* Release */ = {
			isa = XCBuildConfiguration;
			buildSettings = {
				ALWAYS_SEARCH_USER_PATHS = NO;
				CLANG_ANALYZER_NONNULL = YES;
				CLANG_CXX_LANGUAGE_STANDARD = "gnu++0x";
				CLANG_CXX_LIBRARY = "libc++";
				CLANG_ENABLE_MODULES = YES;
				CLANG_ENABLE_OBJC_ARC = YES;
				CLANG_WARN_BOOL_CONVERSION = YES;
				CLANG_WARN_CONSTANT_CONVERSION = YES;
				CLANG_WARN_DIRECT_OBJC_ISA_USAGE = YES_ERROR;
				CLANG_WARN_DOCUMENTATION_COMMENTS = YES;
				CLANG_WARN_EMPTY_BODY = YES;
				CLANG_WARN_ENUM_CONVERSION = YES;
				CLANG_WARN_INFINITE_RECURSION = YES;
				CLANG_WARN_INT_CONVERSION = YES;
				CLANG_WARN_OBJC_ROOT_CLASS = YES_ERROR;
				CLANG_WARN_SUSPICIOUS_MOVES = YES;
				CLANG_WARN_UNREACHABLE_CODE = YES;
				CLANG_WARN__DUPLICATE_METHOD_MATCH = YES;
				CODE_SIGN_IDENTITY = "-";
				COPY_PHASE_STRIP = NO;
				DEBUG_INFORMATION_FORMAT = "dwarf-with-dsym";
				ENABLE_NS_ASSERTIONS = NO;
				ENABLE_STRICT_OBJC_MSGSEND = YES;
				GCC_C_LANGUAGE_STANDARD = gnu99;
				GCC_NO_COMMON_BLOCKS = YES;
				GCC_WARN_64_TO_32_BIT_CONVERSION = YES;
				GCC_WARN_ABOUT_RETURN_TYPE = YES_ERROR;
				GCC_WARN_UNDECLARED_SELECTOR = YES;
				GCC_WARN_UNINITIALIZED_AUTOS = YES_AGGRESSIVE;
				GCC_WARN_UNUSED_FUNCTION = YES;
				GCC_WARN_UNUSED_VARIABLE = YES;
				MACOSX_DEPLOYMENT_TARGET = 10.11;
				MTL_ENABLE_DEBUG_INFO = NO;
				SDKROOT = macosx;
				SWIFT_OPTIMIZATION_LEVEL = "-Owholemodule";
			};
			name = Release;
		};
		B1CABF241D6454EB00EAF58A /* Debug */ = {
			isa = XCBuildConfiguration;
			buildSettings = {
				ASSETCATALOG_COMPILER_APPICON_NAME = AppIcon;
				COMBINE_HIDPI_IMAGES = YES;
				DEVELOPMENT_TEAM = 89282N6UM7;
				INFOPLIST_FILE = iOSDC_JavaScriptCore/Info.plist;
				LD_RUNPATH_SEARCH_PATHS = "$(inherited) @executable_path/../Frameworks";
				PRODUCT_BUNDLE_IDENTIFIER = "jp.ez-style.appid.iOSDC-JavaScriptCore";
				PRODUCT_NAME = "$(TARGET_NAME)";
				SWIFT_VERSION = 3.0;
			};
			name = Debug;
		};
		B1CABF251D6454EB00EAF58A /* Release */ = {
			isa = XCBuildConfiguration;
			buildSettings = {
				ASSETCATALOG_COMPILER_APPICON_NAME = AppIcon;
				COMBINE_HIDPI_IMAGES = YES;
				DEVELOPMENT_TEAM = 89282N6UM7;
				INFOPLIST_FILE = iOSDC_JavaScriptCore/Info.plist;
				LD_RUNPATH_SEARCH_PATHS = "$(inherited) @executable_path/../Frameworks";
				PRODUCT_BUNDLE_IDENTIFIER = "jp.ez-style.appid.iOSDC-JavaScriptCore";
				PRODUCT_NAME = "$(TARGET_NAME)";
				SWIFT_VERSION = 3.0;
			};
			name = Release;
		};
/* End XCBuildConfiguration section */

/* Begin XCConfigurationList section */
		B1CABF0F1D6454EA00EAF58A /* Build configuration list for PBXProject "iOSDC_JavaScriptCore" */ = {
			isa = XCConfigurationList;
			buildConfigurations = (
				B1CABF211D6454EB00EAF58A /* Debug */,
				B1CABF221D6454EB00EAF58A /* Release */,
			);
			defaultConfigurationIsVisible = 0;
			defaultConfigurationName = Release;
		};
		B1CABF231D6454EB00EAF58A /* Build configuration list for PBXNativeTarget "iOSDC_JavaScriptCore" */ = {
			isa = XCConfigurationList;
			buildConfigurations = (
				B1CABF241D6454EB00EAF58A /* Debug */,
				B1CABF251D6454EB00EAF58A /* Release */,
			);
			defaultConfigurationIsVisible = 0;
			defaultConfigurationName = Release;
		};
/* End XCConfigurationList section */
	};
	rootObject = B1CABF0C1D6454EA00EAF58A /* Project object */;
}
